
Microsoft Visual Studio Solution File, Format Version 12.00
# Visual Studio Version 17
VisualStudioVersion = 17.10.35013.160
MinimumVisualStudioVersion = 10.0.40219.1
Project("{9A19103F-16F7-4668-BE54-9A1E7A4F7556}") = "HellScriptRuntime", "HellScriptRuntime\HellScriptRuntime.csproj", "{880C235D-FEC1-4EAF-998E-F03F521B08E1}"
EndProject
Project("{FAE04EC0-301F-11D3-BF4B-00C04F79EFBC}") = "HellScriptCompiler", "HellScriptCompiler\HellScriptCompiler.csproj", "{B72BF760-E468-4807-B691-00E76F4B2C5B}"
EndProject
Global
	GlobalSection(SolutionConfigurationPlatforms) = preSolution
		Debug|Any CPU = Debug|Any CPU
		Release|Any CPU = Release|Any CPU
	EndGlobalSection
	GlobalSection(ProjectConfigurationPlatforms) = postSolution
		{880C235D-FEC1-4EAF-998E-F03F521B08E1}.Debug|Any CPU.ActiveCfg = Debug|Any CPU
		{880C235D-FEC1-4EAF-998E-F03F521B08E1}.Debug|Any CPU.Build.0 = Debug|Any CPU
		{880C235D-FEC1-4EAF-998E-F03F521B08E1}.Release|Any CPU.ActiveCfg = Release|Any CPU
		{880C235D-FEC1-4EAF-998E-F03F521B08E1}.Release|Any CPU.Build.0 = Release|Any CPU
		{B72BF760-E468-4807-B691-00E76F4B2C5B}.Debug|Any CPU.ActiveCfg = Debug|Any CPU
		{B72BF760-E468-4807-B691-00E76F4B2C5B}.Debug|Any CPU.Build.0 = Debug|Any CPU
		{B72BF760-E468-4807-B691-00E76F4B2C5B}.Release|Any CPU.ActiveCfg = Release|Any CPU
		{B72BF760-E468-4807-B691-00E76F4B2C5B}.Release|Any CPU.Build.0 = Release|Any CPU
	EndGlobalSection
	GlobalSection(SolutionProperties) = preSolution
		HideSolutionNode = FALSE
	EndGlobalSection
	GlobalSection(ExtensibilityGlobals) = postSolution
		SolutionGuid = {B43AC5CA-8B37-4644-9D2C-59B70A1E0713}
	EndGlobalSection
EndGlobal
